
Microsoft Visual Studio Solution File, Format Version 12.00
# Visual Studio Version 17
VisualStudioVersion = 17.9.34622.214
MinimumVisualStudioVersion = 10.0.40219.1
Project("{FAE04EC0-301F-11D3-BF4B-00C04F79EFBC}") = "Mission10_BrammerBackend", "Mission10_BrammerBackend.csproj", "{34F64032-BF28-4BA5-9A22-554B7E8EC484}"
EndProject
Global
	GlobalSection(SolutionConfigurationPlatforms) = preSolution
		Debug|Any CPU = Debug|Any CPU
		Release|Any CPU = Release|Any CPU
	EndGlobalSection
	GlobalSection(ProjectConfigurationPlatforms) = postSolution
		{34F64032-BF28-4BA5-9A22-554B7E8EC484}.Debug|Any CPU.ActiveCfg = Debug|Any CPU
		{34F64032-BF28-4BA5-9A22-554B7E8EC484}.Debug|Any CPU.Build.0 = Debug|Any CPU
		{34F64032-BF28-4BA5-9A22-554B7E8EC484}.Release|Any CPU.ActiveCfg = Release|Any CPU
		{34F64032-BF28-4BA5-9A22-554B7E8EC484}.Release|Any CPU.Build.0 = Release|Any CPU
	EndGlobalSection
	GlobalSection(SolutionProperties) = preSolution
		HideSolutionNode = FALSE
	EndGlobalSection
	GlobalSection(ExtensibilityGlobals) = postSolution
		SolutionGuid = {B0C315B0-2F91-4D05-8693-C83EB88DE113}
	EndGlobalSection
EndGlobal
